# generated by rye
# use `rye lock` or `rye sync` to update this lockfile
#
# last locked with the following flags:
#   pre: false
#   features: []
#   all-features: false
#   with-sources: false
#   generate-hashes: false
#   universal: false

coverage==7.6.1
    # via pytest-cov
dnspython==2.6.1
    # via pymongo
iniconfig==2.0.0
    # via pytest
packaging==24.1
    # via pytest
pluggy==1.5.0
    # via pytest
psycopg==3.2.2
psycopg-binary==3.2.2
    # via psycopg
pymongo==4.8.0
pytest==8.3.3
    # via pytest-cov
pytest-cov==5.0.0
typing-extensions==4.12.2
    # via psycopg
